lockfileVersion: '9.0'

settings:
  autoInstallPeers: true
  excludeLinksFromLockfile: false

importers:

  .:
    devDependencies:
      '@sublang/cligent':
        specifier: ^0.2.0
        version: 0.2.0
      '@types/node':
        specifier: ^22.0.0
        version: 22.19.19
      typescript:
        specifier: ^5.8.0
        version: 5.9.3
      xstate:
        specifier: ^5.19.4
        version: 5.31.1

packages:

  '@sublang/cligent@0.2.0':
    resolution: {integrity: sha512-zsV1F2o1oAfoj09Ku7kcRPSR/Vy/F9rVw5H9ZLwPbBpmTIE87tJhC8qlZ+Ob/Wf46AK+rap3lwxDT9IV0aZ5Ag==}
    engines: {node: '>=18'}
    hasBin: true
    peerDependencies:
      '@anthropic-ai/claude-agent-sdk': '>=0.2.69'
      '@openai/codex-sdk': '>=0.107.0'
      '@opencode-ai/sdk': '>=1.2.17'
    peerDependenciesMeta:
      '@anthropic-ai/claude-agent-sdk':
        optional: true
      '@openai/codex-sdk':
        optional: true
      '@opencode-ai/sdk':
        optional: true

  '@types/node@22.19.19':
    resolution: {integrity: sha512-dyh/xO2Fh5bYrfWaaqGrRQQGkNdmYw6AmaAUvYeUMNTWQtvb796ikLdmTchRmOlOiIJ1TDXfWgVx1QkUlQ6Hew==}

  typescript@5.9.3:
    resolution: {integrity: sha512-jl1vZzPDinLr9eUt3J/t7V6FgNEw9QjvBPdysz9KfQDD41fQrC2Y4vKQdiaUpFT4bXlb1RHhLpp8wtm6M5TgSw==}
    engines: {node: '>=14.17'}
    hasBin: true

  undici-types@6.21.0:
    resolution: {integrity: sha512-iwDZqg0QAGrg9Rav5H4n0M64c3mkR59cJ6wQp+7C4nI0gsmExaedaYLNO44eT4AtBBwjbTiGPMlt2Md0T9H9JQ==}

  xstate@5.31.1:
    resolution: {integrity: sha512-3P7t7GQ61BvLu+8Cj6Zq7rcS34vecL9pvfN2ucUWmIFIUG+rAREviOs4Xy4OO3BuJHSz6RLU8eqDXxSbVotjDQ==}

snapshots:

  '@sublang/cligent@0.2.0': {}

  '@types/node@22.19.19':
    dependencies:
      undici-types: 6.21.0

  typescript@5.9.3: {}

  undici-types@6.21.0: {}

  xstate@5.31.1: {}
